
Microsoft Visual Studio Solution File, Format Version 12.00
# Visual Studio Version 17
VisualStudioVersion = 17.4.33213.308
MinimumVisualStudioVersion = 10.0.40219.1
Project("{FAE04EC0-301F-11D3-BF4B-00C04F79EFBC}") = "TelechatSharp", "TelechatSharp\TelechatSharp.csproj", "{FDDC5634-8B1D-4128-8271-E57B8752E767}"
EndProject
Global
	GlobalSection(SolutionConfigurationPlatforms) = preSolution
		Debug|Any CPU = Debug|Any CPU
		Release|Any CPU = Release|Any CPU
	EndGlobalSection
	GlobalSection(ProjectConfigurationPlatforms) = postSolution
		{FDDC5634-8B1D-4128-8271-E57B8752E767}.Debug|Any CPU.ActiveCfg = Debug|Any CPU
		{FDDC5634-8B1D-4128-8271-E57B8752E767}.Debug|Any CPU.Build.0 = Debug|Any CPU
		{FDDC5634-8B1D-4128-8271-E57B8752E767}.Release|Any CPU.ActiveCfg = Release|Any CPU
		{FDDC5634-8B1D-4128-8271-E57B8752E767}.Release|Any CPU.Build.0 = Release|Any CPU
	EndGlobalSection
	GlobalSection(SolutionProperties) = preSolution
		HideSolutionNode = FALSE
	EndGlobalSection
	GlobalSection(ExtensibilityGlobals) = postSolution
		SolutionGuid = {A84C2CCE-748A-4696-B235-8DBE3F39054F}
	EndGlobalSection
EndGlobal
